// !$*UTF8*$!
{
	archiveVersion = 1;
	classes = {
	};
	objectVersion = 46;
	objects = {

/* Begin PBXBuildFile section */
		CB8D59AC175F825100863C3D /* UIKit.framework in Frameworks */ = {isa = PBXBuildFile; fileRef = CB8D59AB175F825100863C3D /* UIKit.framework */; };
		CB8D59AE175F825100863C3D /* Foundation.framework in Frameworks */ = {isa = PBXBuildFile; fileRef = CB8D59AD175F825100863C3D /* Foundation.framework */; };
		CB8D59B0175F825100863C3D /* CoreGraphics.framework in Frameworks */ = {isa = PBXBuildFile; fileRef = CB8D59AF175F825100863C3D /* CoreGraphics.framework */; };
		CB8D59B6175F825100863C3D /* InfoPlist.strings in Resources */ = {isa = PBXBuildFile; fileRef = CB8D59B4175F825100863C3D /* InfoPlist.strings */; };
		CB8D59B8175F825100863C3D /* main.m in Sources */ = {isa = PBXBuildFile; fileRef = CB8D59B7175F825100863C3D /* main.m */; };
		CB8D59BC175F825100863C3D /* AppDelegate.m in Sources */ = {isa = PBXBuildFile; fileRef = CB8D59BB175F825100863C3D /* AppDelegate.m */; };
		CB8D59BE175F825100863C3D /* Default.png in Resources */ = {isa = PBXBuildFile; fileRef = CB8D59BD175F825100863C3D /* Default.png */; };
		CB8D59C0175F825100863C3D /* Default@2x.png in Resources */ = {isa = PBXBuildFile; fileRef = CB8D59BF175F825100863C3D /* Default@2x.png */; };
		CB8D59C2175F825100863C3D /* Default-568h@2x.png in Resources */ = {isa = PBXBuildFile; fileRef = CB8D59C1175F825100863C3D /* Default-568h@2x.png */; };
		CB8D59C5175F825100863C3D /* ViewController.m in Sources */ = {isa = PBXBuildFile; fileRef = CB8D59C4175F825100863C3D /* ViewController.m */; };
		CB8D59C8175F825100863C3D /* ViewController.xib in Resources */ = {isa = PBXBuildFile; fileRef = CB8D59C6175F825100863C3D /* ViewController.xib */; };
		CB8D59E5175F83F500863C3D /* NSLocale+ISO639_2.m in Sources */ = {isa = PBXBuildFile; fileRef = CB8D59E4175F83F500863C3D /* NSLocale+ISO639_2.m */; };
		CB8D59E7175F840A00863C3D /* iso639_1_to_iso639_2.plist in Resources */ = {isa = PBXBuildFile; fileRef = CB8D59E6175F840A00863C3D /* iso639_1_to_iso639_2.plist */; };
/* End PBXBuildFile section */

/* Begin PBXFileReference section */
		CB8D59A8175F825100863C3D /* ISO639Conversion.app */ = {isa = PBXFileReference; explicitFileType = wrapper.application; includeInIndex = 0; path = ISO639Conversion.app; sourceTree = BUILT_PRODUCTS_DIR; };
		CB8D59AB175F825100863C3D /* UIKit.framework */ = {isa = PBXFileReference; lastKnownFileType = wrapper.framework; name = UIKit.framework; path = System/Library/Frameworks/UIKit.framework; sourceTree = SDKROOT; };
		CB8D59AD175F825100863C3D /* Foundation.framework */ = {isa = PBXFileReference; lastKnownFileType = wrapper.framework; name = Foundation.framework; path = System/Library/Frameworks/Foundation.framework; sourceTree = SDKROOT; };
		CB8D59AF175F825100863C3D /* CoreGraphics.framework */ = {isa = PBXFileReference; lastKnownFileType = wrapper.framework; name = CoreGraphics.framework; path = System/Library/Frameworks/CoreGraphics.framework; sourceTree = SDKROOT; };
		CB8D59B3175F825100863C3D /* ISO639Conversion-Info.plist */ = {isa = PBXFileReference; lastKnownFileType = text.plist.xml; path = "ISO639Conversion-Info.plist"; sourceTree = "<group>"; };
		CB8D59B5175F825100863C3D /* en */ = {isa = PBXFileReference; lastKnownFileType = text.plist.strings; name = en; path = en.lproj/InfoPlist.strings; sourceTree = "<group>"; };
		CB8D59B7175F825100863C3D /* main.m */ = {isa = PBXFileReference; lastKnownFileType = sourcecode.c.objc; path = main.m; sourceTree = "<group>"; };
		CB8D59B9175F825100863C3D /* ISO639Conversion-Prefix.pch */ = {isa = PBXFileReference; lastKnownFileType = sourcecode.c.h; path = "ISO639Conversion-Prefix.pch"; sourceTree = "<group>"; };
		CB8D59BA175F825100863C3D /* AppDelegate.h */ = {isa = PBXFileReference; lastKnownFileType = sourcecode.c.h; path = AppDelegate.h; sourceTree = "<group>"; };
		CB8D59BB175F825100863C3D /* AppDelegate.m */ = {isa = PBXFileReference; lastKnownFileType = sourcecode.c.objc; path = AppDelegate.m; sourceTree = "<group>"; };
		CB8D59BD175F825100863C3D /* Default.png */ = {isa = PBXFileReference; lastKnownFileType = image.png; path = Default.png; sourceTree = "<group>"; };
		CB8D59BF175F825100863C3D /* Default@2x.png */ = {isa = PBXFileReference; lastKnownFileType = image.png; path = "Default@2x.png"; sourceTree = "<group>"; };
		CB8D59C1175F825100863C3D /* Default-568h@2x.png */ = {isa = PBXFileReference; lastKnownFileType = image.png; path = "Default-568h@2x.png"; sourceTree = "<group>"; };
		CB8D59C3175F825100863C3D /* ViewController.h */ = {isa = PBXFileReference; lastKnownFileType = sourcecode.c.h; path = ViewController.h; sourceTree = "<group>"; };
		CB8D59C4175F825100863C3D /* ViewController.m */ = {isa = PBXFileReference; lastKnownFileType = sourcecode.c.objc; path = ViewController.m; sourceTree = "<group>"; };
		CB8D59C7175F825100863C3D /* en */ = {isa = PBXFileReference; lastKnownFileType = file.xib; name = en; path = en.lproj/ViewController.xib; sourceTree = "<group>"; };
		CB8D59D3175F836E00863C3D /* Cocoa.framework */ = {isa = PBXFileReference; lastKnownFileType = wrapper.framework; name = Cocoa.framework; path = Library/Frameworks/Cocoa.framework; sourceTree = DEVELOPER_DIR; };
		CB8D59D6175F836E00863C3D /* AppKit.framework */ = {isa = PBXFileReference; lastKnownFileType = wrapper.framework; name = AppKit.framework; path = Library/Frameworks/AppKit.framework; sourceTree = SDKROOT; };
		CB8D59D7175F836E00863C3D /* CoreData.framework */ = {isa = PBXFileReference; lastKnownFileType = wrapper.framework; name = CoreData.framework; path = Library/Frameworks/CoreData.framework; sourceTree = SDKROOT; };
		CB8D59D8175F836E00863C3D /* Foundation.framework */ = {isa = PBXFileReference; lastKnownFileType = wrapper.framework; name = Foundation.framework; path = Library/Frameworks/Foundation.framework; sourceTree = SDKROOT; };
		CB8D59E3175F83F500863C3D /* NSLocale+ISO639_2.h */ = {isa = PBXFileReference; fileEncoding = 4; lastKnownFileType = sourcecode.c.h; path = "NSLocale+ISO639_2.h"; sourceTree = "<group>"; };
		CB8D59E4175F83F500863C3D /* NSLocale+ISO639_2.m */ = {isa = PBXFileReference; fileEncoding = 4; lastKnownFileType = sourcecode.c.objc; path = "NSLocale+ISO639_2.m"; sourceTree = "<group>"; };
		CB8D59E6175F840A00863C3D /* iso639_1_to_iso639_2.plist */ = {isa = PBXFileReference; fileEncoding = 4; lastKnownFileType = text.plist.xml; path = iso639_1_to_iso639_2.plist; sourceTree = "<group>"; };
/* End PBXFileReference section */

/* Begin PBXFrameworksBuildPhase section */
		CB8D59A5175F825100863C3D /* Frameworks */ = {
			isa = PBXFrameworksBuildPhase;
			buildActionMask = 2147483647;
			files = (
				CB8D59AC175F825100863C3D /* UIKit.framework in Frameworks */,
				CB8D59AE175F825100863C3D /* Foundation.framework in Frameworks */,
				CB8D59B0175F825100863C3D /* CoreGraphics.framework in Frameworks */,
			);
			runOnlyForDeploymentPostprocessing = 0;
		};
/* End PBXFrameworksBuildPhase section */

/* Begin PBXGroup section */
		CB8D599F175F825100863C3D = {
			isa = PBXGroup;
			children = (
				CB8D59B1175F825100863C3D /* ISO639Conversion */,
				CB8D59AA175F825100863C3D /* Frameworks */,
				CB8D59A9175F825100863C3D /* Products */,
			);
			sourceTree = "<group>";
		};
		CB8D59A9175F825100863C3D /* Products */ = {
			isa = PBXGroup;
			children = (
				CB8D59A8175F825100863C3D /* ISO639Conversion.app */,
			);
			name = Products;
			sourceTree = "<group>";
		};
		CB8D59AA175F825100863C3D /* Frameworks */ = {
			isa = PBXGroup;
			children = (
				CB8D59AB175F825100863C3D /* UIKit.framework */,
				CB8D59AD175F825100863C3D /* Foundation.framework */,
				CB8D59AF175F825100863C3D /* CoreGraphics.framework */,
				CB8D59D3175F836E00863C3D /* Cocoa.framework */,
				CB8D59D5175F836E00863C3D /* Other Frameworks */,
			);
			name = Frameworks;
			sourceTree = "<group>";
		};
		CB8D59B1175F825100863C3D /* ISO639Conversion */ = {
			isa = PBXGroup;
			children = (
				CB8D59E3175F83F500863C3D /* NSLocale+ISO639_2.h */,
				CB8D59E4175F83F500863C3D /* NSLocale+ISO639_2.m */,
				CB8D59BA175F825100863C3D /* AppDelegate.h */,
				CB8D59BB175F825100863C3D /* AppDelegate.m */,
				CB8D59C3175F825100863C3D /* ViewController.h */,
				CB8D59C4175F825100863C3D /* ViewController.m */,
				CB8D59C6175F825100863C3D /* ViewController.xib */,
				CB8D59B2175F825100863C3D /* Supporting Files */,
			);
			path = ISO639Conversion;
			sourceTree = "<group>";
		};
		CB8D59B2175F825100863C3D /* Supporting Files */ = {
			isa = PBXGroup;
			children = (
				CB8D59E6175F840A00863C3D /* iso639_1_to_iso639_2.plist */,
				CB8D59B3175F825100863C3D /* ISO639Conversion-Info.plist */,
				CB8D59B4175F825100863C3D /* InfoPlist.strings */,
				CB8D59B7175F825100863C3D /* main.m */,
				CB8D59B9175F825100863C3D /* ISO639Conversion-Prefix.pch */,
				CB8D59BD175F825100863C3D /* Default.png */,
				CB8D59BF175F825100863C3D /* Default@2x.png */,
				CB8D59C1175F825100863C3D /* Default-568h@2x.png */,
			);
			name = "Supporting Files";
			sourceTree = "<group>";
		};
		CB8D59D5175F836E00863C3D /* Other Frameworks */ = {
			isa = PBXGroup;
			children = (
				CB8D59D6175F836E00863C3D /* AppKit.framework */,
				CB8D59D7175F836E00863C3D /* CoreData.framework */,
				CB8D59D8175F836E00863C3D /* Foundation.framework */,
			);
			name = "Other Frameworks";
			sourceTree = "<group>";
		};
/* End PBXGroup section */

/* Begin PBXNativeTarget section */
		CB8D59A7175F825100863C3D /* ISO639Conversion */ = {
			isa = PBXNativeTarget;
			buildConfigurationList = CB8D59CB175F825100863C3D /* Build configuration list for PBXNativeTarget "ISO639Conversion" */;
			buildPhases = (
				CB8D59A4175F825100863C3D /* Sources */,
				CB8D59A5175F825100863C3D /* Frameworks */,
				CB8D59A6175F825100863C3D /* Resources */,
			);
			buildRules = (
			);
			dependencies = (
			);
			name = ISO639Conversion;
			productName = ISO639Conversion;
			productReference = CB8D59A8175F825100863C3D /* ISO639Conversion.app */;
			productType = "com.apple.product-type.application";
		};
/* End PBXNativeTarget section */

/* Begin PBXProject section */
		CB8D59A0175F825100863C3D /* Project object */ = {
			isa = PBXProject;
			attributes = {
				LastUpgradeCheck = 0460;
				ORGANIZATIONNAME = Farcoding;
			};
			buildConfigurationList = CB8D59A3175F825100863C3D /* Build configuration list for PBXProject "ISO639Conversion" */;
			compatibilityVersion = "Xcode 3.2";
			developmentRegion = English;
			hasScannedForEncodings = 0;
			knownRegions = (
				en,
			);
			mainGroup = CB8D599F175F825100863C3D;
			productRefGroup = CB8D59A9175F825100863C3D /* Products */;
			projectDirPath = "";
			projectRoot = "";
			targets = (
				CB8D59A7175F825100863C3D /* ISO639Conversion */,
			);
		};
/* End PBXProject section */

/* Begin PBXResourcesBuildPhase section */
		CB8D59A6175F825100863C3D /* Resources */ = {
			isa = PBXResourcesBuildPhase;
			buildActionMask = 2147483647;
			files = (
				CB8D59B6175F825100863C3D /* InfoPlist.strings in Resources */,
				CB8D59BE175F825100863C3D /* Default.png in Resources */,
				CB8D59C0175F825100863C3D /* Default@2x.png in Resources */,
				CB8D59C2175F825100863C3D /* Default-568h@2x.png in Resources */,
				CB8D59C8175F825100863C3D /* ViewController.xib in Resources */,
				CB8D59E7175F840A00863C3D /* iso639_1_to_iso639_2.plist in Resources */,
			);
			runOnlyForDeploymentPostprocessing = 0;
		};
/* End PBXResourcesBuildPhase section */

/* Begin PBXSourcesBuildPhase section */
		CB8D59A4175F825100863C3D /* Sources */ = {
			isa = PBXSourcesBuildPhase;
			buildActionMask = 2147483647;
			files = (
				CB8D59B8175F825100863C3D /* main.m in Sources */,
				CB8D59BC175F825100863C3D /* AppDelegate.m in Sources */,
				CB8D59C5175F825100863C3D /* ViewController.m in Sources */,
				CB8D59E5175F83F500863C3D /* NSLocale+ISO639_2.m in Sources */,
			);
			runOnlyForDeploymentPostprocessing = 0;
		};
/* End PBXSourcesBuildPhase section */

/* Begin PBXVariantGroup section */
		CB8D59B4175F825100863C3D /* InfoPlist.strings */ = {
			isa = PBXVariantGroup;
			children = (
				CB8D59B5175F825100863C3D /* en */,
			);
			name = InfoPlist.strings;
			sourceTree = "<group>";
		};
		CB8D59C6175F825100863C3D /* ViewController.xib */ = {
			isa = PBXVariantGroup;
			children = (
				CB8D59C7175F825100863C3D /* en */,
			);
			name = ViewController.xib;
			sourceTree = "<group>";
		};
/* End PBXVariantGroup section */

/* Begin XCBuildConfiguration section */
		CB8D59C9175F825100863C3D /* Debug */ = {
			isa = XCBuildConfiguration;
			buildSettings = {
				ALWAYS_SEARCH_USER_PATHS = NO;
				CLANG_CXX_LANGUAGE_STANDARD = "gnu++0x";
				CLANG_CXX_LIBRARY = "libc++";
				CLANG_ENABLE_OBJC_ARC = YES;
				CLANG_WARN_CONSTANT_CONVERSION = YES;
				CLANG_WARN_EMPTY_BODY = YES;
				CLANG_WARN_ENUM_CONVERSION = YES;
				CLANG_WARN_INT_CONVERSION = YES;
				CLANG_WARN__DUPLICATE_METHOD_MATCH = YES;
				"CODE_SIGN_IDENTITY[sdk=iphoneos*]" = "iPhone Developer";
				COPY_PHASE_STRIP = NO;
				GCC_C_LANGUAGE_STANDARD = gnu99;
				GCC_DYNAMIC_NO_PIC = NO;
				GCC_OPTIMIZATION_LEVEL = 0;
				GCC_PREPROCESSOR_DEFINITIONS = (
					"DEBUG=1",
					"$(inherited)",
				);
				GCC_SYMBOLS_PRIVATE_EXTERN = NO;
				GCC_WARN_ABOUT_RETURN_TYPE = YES;
				GCC_WARN_UNINITIALIZED_AUTOS = YES;
				GCC_WARN_UNUSED_VARIABLE = YES;
				IPHONEOS_DEPLOYMENT_TARGET = 6.0;
				ONLY_ACTIVE_ARCH = YES;
				SDKROOT = iphoneos;
				TARGETED_DEVICE_FAMILY = 2;
			};
			name = Debug;
		};
		CB8D59CA175F825100863C3D /* Release */ = {
			isa = XCBuildConfiguration;
			buildSettings = {
				ALWAYS_SEARCH_USER_PATHS = NO;
				CLANG_CXX_LANGUAGE_STANDARD = "gnu++0x";
				CLANG_CXX_LIBRARY = "libc++";
				CLANG_ENABLE_OBJC_ARC = YES;
				CLANG_WARN_CONSTANT_CONVERSION = YES;
				CLANG_WARN_EMPTY_BODY = YES;
				CLANG_WARN_ENUM_CONVERSION = YES;
				CLANG_WARN_INT_CONVERSION = YES;
				CLANG_WARN__DUPLICATE_METHOD_MATCH = YES;
				"CODE_SIGN_IDENTITY[sdk=iphoneos*]" = "iPhone Developer";
				COPY_PHASE_STRIP = YES;
				GCC_C_LANGUAGE_STANDARD = gnu99;
				GCC_WARN_ABOUT_RETURN_TYPE = YES;
				GCC_WARN_UNINITIALIZED_AUTOS = YES;
				GCC_WARN_UNUSED_VARIABLE = YES;
				IPHONEOS_DEPLOYMENT_TARGET = 6.0;
				OTHER_CFLAGS = "-DNS_BLOCK_ASSERTIONS=1";
				SDKROOT = iphoneos;
				TARGETED_DEVICE_FAMILY = 2;
				VALIDATE_PRODUCT = YES;
			};
			name = Release;
		};
		CB8D59CC175F825100863C3D /* Debug */ = {
			isa = XCBuildConfiguration;
			buildSettings = {
				GCC_PRECOMPILE_PREFIX_HEADER = YES;
				GCC_PREFIX_HEADER = "ISO639Conversion/ISO639Conversion-Prefix.pch";
				INFOPLIST_FILE = "ISO639Conversion/ISO639Conversion-Info.plist";
				IPHONEOS_DEPLOYMENT_TARGET = 6.0;
				PRODUCT_NAME = "$(TARGET_NAME)";
				TARGETED_DEVICE_FAMILY = "1,2";
				WRAPPER_EXTENSION = app;
			};
			name = Debug;
		};
		CB8D59CD175F825100863C3D /* Release */ = {
			isa = XCBuildConfiguration;
			buildSettings = {
				GCC_PRECOMPILE_PREFIX_HEADER = YES;
				GCC_PREFIX_HEADER = "ISO639Conversion/ISO639Conversion-Prefix.pch";
				INFOPLIST_FILE = "ISO639Conversion/ISO639Conversion-Info.plist";
				IPHONEOS_DEPLOYMENT_TARGET = 6.0;
				PRODUCT_NAME = "$(TARGET_NAME)";
				TARGETED_DEVICE_FAMILY = "1,2";
				WRAPPER_EXTENSION = app;
			};
			name = Release;
		};
/* End XCBuildConfiguration section */

/* Begin XCConfigurationList section */
		CB8D59A3175F825100863C3D /* Build configuration list for PBXProject "ISO639Conversion" */ = {
			isa = XCConfigurationList;
			buildConfigurations = (
				CB8D59C9175F825100863C3D /* Debug */,
				CB8D59CA175F825100863C3D /* Release */,
			);
			defaultConfigurationIsVisible = 0;
			defaultConfigurationName = Release;
		};
		CB8D59CB175F825100863C3D /* Build configuration list for PBXNativeTarget "ISO639Conversion" */ = {
			isa = XCConfigurationList;
			buildConfigurations = (
				CB8D59CC175F825100863C3D /* Debug */,
				CB8D59CD175F825100863C3D /* Release */,
			);
			defaultConfigurationIsVisible = 0;
		};
/* End XCConfigurationList section */
	};
	rootObject = CB8D59A0175F825100863C3D /* Project object */;
}
